
Microsoft Visual Studio Solution File, Format Version 12.00
# Visual Studio Version 17
VisualStudioVersion = 17.4.33122.133
MinimumVisualStudioVersion = 10.0.40219.1
Project("{9A19103F-16F7-4668-BE54-9A1E7A4F7556}") = "ApiGateway", "ApiGateway\ApiGateway.csproj", "{79AF4076-1EDE-4D14-8E88-AD98E24CA84B}"
EndProject
Project("{2150E333-8FDC-42A3-9474-1A3956D46DE8}") = "Services", "Services", "{5F4A7A63-B540-4750-B0DD-A9C9105BD35F}"
EndProject
Project("{9A19103F-16F7-4668-BE54-9A1E7A4F7556}") = "VehicleAPI", "Services\Vehicle.API\VehicleAPI.csproj", "{73E8315A-6E2A-447D-A32A-536091A2829D}"
EndProject
Project("{2150E333-8FDC-42A3-9474-1A3956D46DE8}") = "Core", "Core", "{7313297F-12B4-471F-8E7D-6721CCD208BD}"
EndProject
Project("{9A19103F-16F7-4668-BE54-9A1E7A4F7556}") = "Core", "Core\Core.csproj", "{0EA470C7-FA1C-430A-94DB-33ED8B4489EB}"
EndProject
Project("{9A19103F-16F7-4668-BE54-9A1E7A4F7556}") = "CustomerAPI", "Services\Customer.API\CustomerAPI.csproj", "{C00715EB-0D7D-4610-B27C-0489937F5494}"
EndProject
Project("{9A19103F-16F7-4668-BE54-9A1E7A4F7556}") = "TrackingAPI", "Services\TrackingAPI\TrackingAPI.csproj", "{8214950B-E26B-4A8A-869B-A7FDB0EF8676}"
EndProject
Project("{2150E333-8FDC-42A3-9474-1A3956D46DE8}") = "Common", "Common", "{DB9C4552-B0DB-438B-9034-5740121BF233}"
EndProject
Project("{9A19103F-16F7-4668-BE54-9A1E7A4F7556}") = "EventBusRabbitMQ", "Common\EventBusRabbitMQ\EventBusRabbitMQ.csproj", "{6EBCF428-60C2-4CBD-915A-AAEF25CD8D75}"
EndProject
Project("{9A19103F-16F7-4668-BE54-9A1E7A4F7556}") = "VehiclePing.SimulatorWorkerService", "VehiclePing.SimulatorWorkerService\VehiclePing.SimulatorWorkerService.csproj", "{398B91EF-3BF5-4D24-AFE8-0D23A0913589}"
EndProject
Project("{E53339B2-1760-4266-BCC7-CA923CBCF16C}") = "docker-compose", "docker-compose.dcproj", "{E5951313-8690-41E8-AAAB-3713C11617EB}"
EndProject
Project("{2150E333-8FDC-42A3-9474-1A3956D46DE8}") = "Tools", "Tools", "{7BF79B66-1C63-42CD-B64C-8A588629CFA0}"
EndProject
Global
	GlobalSection(SolutionConfigurationPlatforms) = preSolution
		Debug|Any CPU = Debug|Any CPU
		Release|Any CPU = Release|Any CPU
	EndGlobalSection
	GlobalSection(ProjectConfigurationPlatforms) = postSolution
		{79AF4076-1EDE-4D14-8E88-AD98E24CA84B}.Debug|Any CPU.ActiveCfg = Debug|Any CPU
		{79AF4076-1EDE-4D14-8E88-AD98E24CA84B}.Debug|Any CPU.Build.0 = Debug|Any CPU
		{79AF4076-1EDE-4D14-8E88-AD98E24CA84B}.Release|Any CPU.ActiveCfg = Release|Any CPU
		{79AF4076-1EDE-4D14-8E88-AD98E24CA84B}.Release|Any CPU.Build.0 = Release|Any CPU
		{73E8315A-6E2A-447D-A32A-536091A2829D}.Debug|Any CPU.ActiveCfg = Debug|Any CPU
		{73E8315A-6E2A-447D-A32A-536091A2829D}.Debug|Any CPU.Build.0 = Debug|Any CPU
		{73E8315A-6E2A-447D-A32A-536091A2829D}.Release|Any CPU.ActiveCfg = Release|Any CPU
		{73E8315A-6E2A-447D-A32A-536091A2829D}.Release|Any CPU.Build.0 = Release|Any CPU
		{0EA470C7-FA1C-430A-94DB-33ED8B4489EB}.Debug|Any CPU.ActiveCfg = Debug|Any CPU
		{0EA470C7-FA1C-430A-94DB-33ED8B4489EB}.Debug|Any CPU.Build.0 = Debug|Any CPU
		{0EA470C7-FA1C-430A-94DB-33ED8B4489EB}.Release|Any CPU.ActiveCfg = Release|Any CPU
		{0EA470C7-FA1C-430A-94DB-33ED8B4489EB}.Release|Any CPU.Build.0 = Release|Any CPU
		{C00715EB-0D7D-4610-B27C-0489937F5494}.Debug|Any CPU.ActiveCfg = Debug|Any CPU
		{C00715EB-0D7D-4610-B27C-0489937F5494}.Debug|Any CPU.Build.0 = Debug|Any CPU
		{C00715EB-0D7D-4610-B27C-0489937F5494}.Release|Any CPU.ActiveCfg = Release|Any CPU
		{C00715EB-0D7D-4610-B27C-0489937F5494}.Release|Any CPU.Build.0 = Release|Any CPU
		{8214950B-E26B-4A8A-869B-A7FDB0EF8676}.Debug|Any CPU.ActiveCfg = Debug|Any CPU
		{8214950B-E26B-4A8A-869B-A7FDB0EF8676}.Debug|Any CPU.Build.0 = Debug|Any CPU
		{8214950B-E26B-4A8A-869B-A7FDB0EF8676}.Release|Any CPU.ActiveCfg = Release|Any CPU
		{8214950B-E26B-4A8A-869B-A7FDB0EF8676}.Release|Any CPU.Build.0 = Release|Any CPU
		{6EBCF428-60C2-4CBD-915A-AAEF25CD8D75}.Debug|Any CPU.ActiveCfg = Debug|Any CPU
		{6EBCF428-60C2-4CBD-915A-AAEF25CD8D75}.Debug|Any CPU.Build.0 = Debug|Any CPU
		{6EBCF428-60C2-4CBD-915A-AAEF25CD8D75}.Release|Any CPU.ActiveCfg = Release|Any CPU
		{6EBCF428-60C2-4CBD-915A-AAEF25CD8D75}.Release|Any CPU.Build.0 = Release|Any CPU
		{398B91EF-3BF5-4D24-AFE8-0D23A0913589}.Debug|Any CPU.ActiveCfg = Debug|Any CPU
		{398B91EF-3BF5-4D24-AFE8-0D23A0913589}.Debug|Any CPU.Build.0 = Debug|Any CPU
		{398B91EF-3BF5-4D24-AFE8-0D23A0913589}.Release|Any CPU.ActiveCfg = Release|Any CPU
		{398B91EF-3BF5-4D24-AFE8-0D23A0913589}.Release|Any CPU.Build.0 = Release|Any CPU
		{E5951313-8690-41E8-AAAB-3713C11617EB}.Debug|Any CPU.ActiveCfg = Debug|Any CPU
		{E5951313-8690-41E8-AAAB-3713C11617EB}.Debug|Any CPU.Build.0 = Debug|Any CPU
		{E5951313-8690-41E8-AAAB-3713C11617EB}.Release|Any CPU.ActiveCfg = Release|Any CPU
		{E5951313-8690-41E8-AAAB-3713C11617EB}.Release|Any CPU.Build.0 = Release|Any CPU
	EndGlobalSection
	GlobalSection(SolutionProperties) = preSolution
		HideSolutionNode = FALSE
	EndGlobalSection
	GlobalSection(NestedProjects) = preSolution
		{73E8315A-6E2A-447D-A32A-536091A2829D} = {5F4A7A63-B540-4750-B0DD-A9C9105BD35F}
		{0EA470C7-FA1C-430A-94DB-33ED8B4489EB} = {7313297F-12B4-471F-8E7D-6721CCD208BD}
		{C00715EB-0D7D-4610-B27C-0489937F5494} = {5F4A7A63-B540-4750-B0DD-A9C9105BD35F}
		{8214950B-E26B-4A8A-869B-A7FDB0EF8676} = {5F4A7A63-B540-4750-B0DD-A9C9105BD35F}
		{6EBCF428-60C2-4CBD-915A-AAEF25CD8D75} = {DB9C4552-B0DB-438B-9034-5740121BF233}
		{398B91EF-3BF5-4D24-AFE8-0D23A0913589} = {7BF79B66-1C63-42CD-B64C-8A588629CFA0}
	EndGlobalSection
	GlobalSection(ExtensibilityGlobals) = postSolution
		SolutionGuid = {DE11A7B2-9497-4194-B9FA-F96524FFCCFF}
	EndGlobalSection
EndGlobal
